{
    "_readme": [
        "This file locks the dependencies of your project to a known state",
        "Read more about it at https://getcomposer.org/doc/01-basic-usage.md#composer-lock-the-lock-file",
        "This file is @generated automatically"
    ],
    "hash": "ed8cd8c4c58e231c07099c141042c84c",
    "packages": [
        {
            "name": "symfomany/canicule",
            "version": "dev-master",
            "source": {
                "type": "git",
                "url": "https://github.com/Symfomany/canicule.git",
                "reference": "42d4c60c2b4cdd303382d5d36d0a0155d7498df1"
            },
            "dist": {
                "type": "zip",
                "url": "https://api.github.com/repos/Symfomany/canicule/zipball/42d4c60c2b4cdd303382d5d36d0a0155d7498df1",
                "reference": "42d4c60c2b4cdd303382d5d36d0a0155d7498df1",
                "shasum": ""
            },
            "require": {
                "php": ">=5.4.0"
            },
            "type": "library",
            "autoload": {
                "psr-0": {
                    "": "src/"
                }
            },
            "notification-url": "https://packagist.org/downloads/",
            "license": [
                "MIT"
            ],
            "authors": [
                {
                    "name": "Julien Boyer",
                    "email": "julien@meetserious.com"
                }
            ],
            "description": "Ma Super Librairie :)",
            "keywords": [
                "3WA",
                "Canicule"
            ],
            "time": "2015-08-24 18:08:24"
        },
        {
            "name": "symfony/var-dumper",
            "version": "v2.7.3",
            "source": {
                "type": "git",
                "url": "https://github.com/symfony/var-dumper.git",
                "reference": "e8903ebba5eb019f5886ffce739ea9e3b7519579"
            },
            "dist": {
                "type": "zip",
                "url": "https://api.github.com/repos/symfony/var-dumper/zipball/e8903ebba5eb019f5886ffce739ea9e3b7519579",
                "reference": "e8903ebba5eb019f5886ffce739ea9e3b7519579",
                "shasum": ""
            },
            "require": {
                "php": ">=5.3.9"
            },
            "require-dev": {
                "symfony/phpunit-bridge": "~2.7"
            },
            "suggest": {
                "ext-symfony_debug": ""
            },
            "type": "library",
            "extra": {
                "branch-alias": {
                    "dev-master": "2.7-dev"
                }
            },
            "autoload": {
                "files": [
                    "Resources/functions/dump.php"
                ],
                "psr-4": {
                    "Symfony\\Component\\VarDumper\\": ""
                }
            },
            "notification-url": "https://packagist.org/downloads/",
            "license": [
                "MIT"
            ],
            "authors": [
                {
                    "name": "Nicolas Grekas",
                    "email": "p@tchwork.com"
                },
                {
                    "name": "Symfony Community",
                    "homepage": "https://symfony.com/contributors"
                }
            ],
            "description": "Symfony mechanism for exploring and dumping PHP variables",
            "homepage": "https://symfony.com",
            "keywords": [
                "debug",
                "dump"
            ],
            "time": "2015-07-28 15:18:12"
        }
    ],
    "packages-dev": [],
    "aliases": [],
    "minimum-stability": "stable",
    "stability-flags": {
        "symfomany/canicule": 20
    },
    "prefer-stable": false,
    "prefer-lowest": false,
    "platform": [],
    "platform-dev": []
}
